
Microsoft Visual Studio Solution File, Format Version 12.00
# Visual Studio 15
Project("{FAE04EC0-301F-11D3-BF4B-00C04F79EFBC}") = "surgery", "surgery.csproj", "{3BA5BE24-1E92-D82D-1AB0-29856A6593D0}"
EndProject
Project("{FAE04EC0-301F-11D3-BF4B-00C04F79EFBC}") = "surgery.Editor", "surgery.Editor.csproj", "{7600099C-5C19-A660-2151-704A7AF5CB19}"
EndProject
Global
	GlobalSection(SolutionConfigurationPlatforms) = preSolution
		Debug|Any CPU = Debug|Any CPU
		Release|Any CPU = Release|Any CPU
	EndGlobalSection
	GlobalSection(ProjectConfigurationPlatforms) = postSolution
		{3BA5BE24-1E92-D82D-1AB0-29856A6593D0}.Debug|Any CPU.ActiveCfg = Debug|Any CPU
		{3BA5BE24-1E92-D82D-1AB0-29856A6593D0}.Debug|Any CPU.Build.0 = Debug|Any CPU
		{3BA5BE24-1E92-D82D-1AB0-29856A6593D0}.Release|Any CPU.ActiveCfg = Release|Any CPU
		{3BA5BE24-1E92-D82D-1AB0-29856A6593D0}.Release|Any CPU.Build.0 = Release|Any CPU
		{7600099C-5C19-A660-2151-704A7AF5CB19}.Debug|Any CPU.ActiveCfg = Debug|Any CPU
		{7600099C-5C19-A660-2151-704A7AF5CB19}.Debug|Any CPU.Build.0 = Debug|Any CPU
		{7600099C-5C19-A660-2151-704A7AF5CB19}.Release|Any CPU.ActiveCfg = Release|Any CPU
		{7600099C-5C19-A660-2151-704A7AF5CB19}.Release|Any CPU.Build.0 = Release|Any CPU
	EndGlobalSection
	GlobalSection(SolutionProperties) = preSolution
		HideSolutionNode = FALSE
	EndGlobalSection
EndGlobal
